{
  "version": 4,
  "terraform_version": "1.14.8",
  "serial": 7,
  "lineage": "b0e98149-7421-f70f-3874-bada2b9c6a8c",
  "outputs": {},
  "resources": [
    {
      "mode": "managed",
      "type": "aws_iam_policy",
      "name": "adminUser",
      "provider": "provider[\"registry.terraform.io/hashicorp/aws\"]",
      "instances": [
        {
          "schema_version": 0,
          "attributes": {
            "arn": "arn:aws:iam::408405084763:policy/AdminUsers",
            "attachment_count": 1,
            "delay_after_policy_creation_in_ms": null,
            "description": "",
            "id": "arn:aws:iam::408405084763:policy/AdminUsers",
            "name": "AdminUsers",
            "name_prefix": "",
            "path": "/",
            "policy": "{\"Statement\":[{\"Action\":\"*\",\"Effect\":\"Allow\",\"Resource\":\"*\"}],\"Version\":\"2012-10-17\"}",
            "policy_id": "ANPAV6FWXBJNRRJIFBVB5",
            "tags": {},
            "tags_all": {}
          },
          "sensitive_attributes": [],
          "identity_schema_version": 0,
          "identity": {
            "arn": "arn:aws:iam::408405084763:policy/AdminUsers"
          },
          "private": "bnVsbA=="
        }
      ]
    },
    {
      "mode": "managed",
      "type": "aws_iam_user",
      "name": "admin-user",
      "provider": "provider[\"registry.terraform.io/hashicorp/aws\"]",
      "instances": [
        {
          "schema_version": 0,
          "attributes": {
            "arn": "arn:aws:iam::408405084763:user/lucy",
            "force_destroy": false,
            "id": "lucy",
            "name": "lucy",
            "path": "/",
            "permissions_boundary": "",
            "tags": {
              "Description": "Automated with Terraform."
            },
            "tags_all": {
              "Description": "Automated with Terraform."
            },
            "unique_id": "AIDAV6FWXBJNXEBTOOTSS"
          },
          "sensitive_attributes": [],
          "identity_schema_version": 0,
          "identity": {
            "account_id": "408405084763",
            "name": "lucy"
          },
          "private": "bnVsbA=="
        }
      ]
    },
    {
      "mode": "managed",
      "type": "aws_iam_user_policy_attachment",
      "name": "lucy-attachment",
      "provider": "provider[\"registry.terraform.io/hashicorp/aws\"]",
      "instances": [
        {
          "schema_version": 0,
          "attributes": {
            "id": "lucy/arn:aws:iam::408405084763:policy/AdminUsers",
            "policy_arn": "arn:aws:iam::408405084763:policy/AdminUsers",
            "user": "lucy"
          },
          "sensitive_attributes": [],
          "identity_schema_version": 0,
          "identity": {
            "account_id": "408405084763",
            "policy_arn": "arn:aws:iam::408405084763:policy/AdminUsers",
            "user": "lucy"
          },
          "private": "bnVsbA==",
          "dependencies": [
            "aws_iam_policy.adminUser",
            "aws_iam_user.admin-user"
          ]
        }
      ]
    }
  ],
  "check_results": null
}
